// !$*UTF8*$!
{
	archiveVersion = 1;
	classes = {
	};
	objectVersion = 46;
	objects = {

/* Begin PBXBuildFile section */
		4311AC8F1E429DF0002187B6 /* AppDelegate.swift in Sources */ = {isa = PBXBuildFile; fileRef = 4311AC8E1E429DF0002187B6 /* AppDelegate.swift */; };
		4311AC911E429DF0002187B6 /* ViewController.swift in Sources */ = {isa = PBXBuildFile; fileRef = 4311AC901E429DF0002187B6 /* ViewController.swift */; };
		4311AC941E429DF0002187B6 /* Main.storyboard in Resources */ = {isa = PBXBuildFile; fileRef = 4311AC921E429DF0002187B6 /* Main.storyboard */; };
		4311AC961E429DF0002187B6 /* Assets.xcassets in Resources */ = {isa = PBXBuildFile; fileRef = 4311AC951E429DF0002187B6 /* Assets.xcassets */; };
		4311AC991E429DF0002187B6 /* LaunchScreen.storyboard in Resources */ = {isa = PBXBuildFile; fileRef = 4311AC971E429DF0002187B6 /* LaunchScreen.storyboard */; };
		4311ACA11E42A2C3002187B6 /* imagem.png in Resources */ = {isa = PBXBuildFile; fileRef = 4311ACA01E42A2C3002187B6 /* imagem.png */; };
/* End PBXBuildFile section */

/* Begin PBXFileReference section */
		4311AC8B1E429DEF002187B6 /* Aula_012_MessageUIMail.app */ = {isa = PBXFileReference; explicitFileType = wrapper.application; includeInIndex = 0; path = Aula_012_MessageUIMail.app; sourceTree = BUILT_PRODUCTS_DIR; };
		4311AC8E1E429DF0002187B6 /* AppDelegate.swift */ = {isa = PBXFileReference; lastKnownFileType = sourcecode.swift; path = AppDelegate.swift; sourceTree = "<group>"; };
		4311AC901E429DF0002187B6 /* ViewController.swift */ = {isa = PBXFileReference; lastKnownFileType = sourcecode.swift; path = ViewController.swift; sourceTree = "<group>"; };
		4311AC931E429DF0002187B6 /* Base */ = {isa = PBXFileReference; lastKnownFileType = file.storyboard; name = Base; path = Base.lproj/Main.storyboard; sourceTree = "<group>"; };
		4311AC951E429DF0002187B6 /* Assets.xcassets */ = {isa = PBXFileReference; lastKnownFileType = folder.assetcatalog; path = Assets.xcassets; sourceTree = "<group>"; };
		4311AC981E429DF0002187B6 /* Base */ = {isa = PBXFileReference; lastKnownFileType = file.storyboard; name = Base; path = Base.lproj/LaunchScreen.storyboard; sourceTree = "<group>"; };
		4311AC9A1E429DF0002187B6 /* Info.plist */ = {isa = PBXFileReference; lastKnownFileType = text.plist.xml; path = Info.plist; sourceTree = "<group>"; };
		4311ACA01E42A2C3002187B6 /* imagem.png */ = {isa = PBXFileReference; lastKnownFileType = image.png; path = imagem.png; sourceTree = "<group>"; };
/* End PBXFileReference section */

/* Begin PBXFrameworksBuildPhase section */
		4311AC881E429DEF002187B6 /* Frameworks */ = {
			isa = PBXFrameworksBuildPhase;
			buildActionMask = 2147483647;
			files = (
			);
			runOnlyForDeploymentPostprocessing = 0;
		};
/* End PBXFrameworksBuildPhase section */

/* Begin PBXGroup section */
		4311AC821E429DEF002187B6 = {
			isa = PBXGroup;
			children = (
				4311AC8D1E429DF0002187B6 /* Aula_012_MessageUIMail */,
				4311AC8C1E429DEF002187B6 /* Products */,
			);
			sourceTree = "<group>";
		};
		4311AC8C1E429DEF002187B6 /* Products */ = {
			isa = PBXGroup;
			children = (
				4311AC8B1E429DEF002187B6 /* Aula_012_MessageUIMail.app */,
			);
			name = Products;
			sourceTree = "<group>";
		};
		4311AC8D1E429DF0002187B6 /* Aula_012_MessageUIMail */ = {
			isa = PBXGroup;
			children = (
				4311ACA01E42A2C3002187B6 /* imagem.png */,
				4311AC8E1E429DF0002187B6 /* AppDelegate.swift */,
				4311AC901E429DF0002187B6 /* ViewController.swift */,
				4311AC921E429DF0002187B6 /* Main.storyboard */,
				4311AC951E429DF0002187B6 /* Assets.xcassets */,
				4311AC971E429DF0002187B6 /* LaunchScreen.storyboard */,
				4311AC9A1E429DF0002187B6 /* Info.plist */,
			);
			path = Aula_012_MessageUIMail;
			sourceTree = "<group>";
		};
/* End PBXGroup section */

/* Begin PBXNativeTarget section */
		4311AC8A1E429DEF002187B6 /* Aula_012_MessageUIMail */ = {
			isa = PBXNativeTarget;
			buildConfigurationList = 4311AC9D1E429DF0002187B6 /* Build configuration list for PBXNativeTarget "Aula_012_MessageUIMail" */;
			buildPhases = (
				4311AC871E429DEF002187B6 /* Sources */,
				4311AC881E429DEF002187B6 /* Frameworks */,
				4311AC891E429DEF002187B6 /* Resources */,
			);
			buildRules = (
			);
			dependencies = (
			);
			name = Aula_012_MessageUIMail;
			productName = Aula_012_MessageUIMail;
			productReference = 4311AC8B1E429DEF002187B6 /* Aula_012_MessageUIMail.app */;
			productType = "com.apple.product-type.application";
		};
/* End PBXNativeTarget section */

/* Begin PBXProject section */
		4311AC831E429DEF002187B6 /* Project object */ = {
			isa = PBXProject;
			attributes = {
				LastSwiftUpdateCheck = 0800;
				LastUpgradeCheck = 0800;
				ORGANIZATIONNAME = Swift;
				TargetAttributes = {
					4311AC8A1E429DEF002187B6 = {
						CreatedOnToolsVersion = 8.0;
						DevelopmentTeam = 3XU35YZPYQ;
						ProvisioningStyle = Automatic;
					};
				};
			};
			buildConfigurationList = 4311AC861E429DEF002187B6 /* Build configuration list for PBXProject "Aula_012_MessageUIMail" */;
			compatibilityVersion = "Xcode 3.2";
			developmentRegion = English;
			hasScannedForEncodings = 0;
			knownRegions = (
				en,
				Base,
			);
			mainGroup = 4311AC821E429DEF002187B6;
			productRefGroup = 4311AC8C1E429DEF002187B6 /* Products */;
			projectDirPath = "";
			projectRoot = "";
			targets = (
				4311AC8A1E429DEF002187B6 /* Aula_012_MessageUIMail */,
			);
		};
/* End PBXProject section */

/* Begin PBXResourcesBuildPhase section */
		4311AC891E429DEF002187B6 /* Resources */ = {
			isa = PBXResourcesBuildPhase;
			buildActionMask = 2147483647;
			files = (
				4311AC991E429DF0002187B6 /* LaunchScreen.storyboard in Resources */,
				4311ACA11E42A2C3002187B6 /* imagem.png in Resources */,
				4311AC961E429DF0002187B6 /* Assets.xcassets in Resources */,
				4311AC941E429DF0002187B6 /* Main.storyboard in Resources */,
			);
			runOnlyForDeploymentPostprocessing = 0;
		};
/* End PBXResourcesBuildPhase section */

/* Begin PBXSourcesBuildPhase section */
		4311AC871E429DEF002187B6 /* Sources */ = {
			isa = PBXSourcesBuildPhase;
			buildActionMask = 2147483647;
			files = (
				4311AC911E429DF0002187B6 /* ViewController.swift in Sources */,
				4311AC8F1E429DF0002187B6 /* AppDelegate.swift in Sources */,
			);
			runOnlyForDeploymentPostprocessing = 0;
		};
/* End PBXSourcesBuildPhase section */

/* Begin PBXVariantGroup section */
		4311AC921E429DF0002187B6 /* Main.storyboard */ = {
			isa = PBXVariantGroup;
			children = (
				4311AC931E429DF0002187B6 /* Base */,
			);
			name = Main.storyboard;
			sourceTree = "<group>";
		};
		4311AC971E429DF0002187B6 /* LaunchScreen.storyboard */ = {
			isa = PBXVariantGroup;
			children = (
				4311AC981E429DF0002187B6 /* Base */,
			);
			name = LaunchScreen.storyboard;
			sourceTree = "<group>";
		};
/* End PBXVariantGroup section */

/* Begin XCBuildConfiguration section */
		4311AC9B1E429DF0002187B6 /* Debug */ = {
			isa = XCBuildConfiguration;
			buildSettings = {
				ALWAYS_SEARCH_USER_PATHS = NO;
				CLANG_ANALYZER_NONNULL = YES;
				CLANG_CXX_LANGUAGE_STANDARD = "gnu++0x";
				CLANG_CXX_LIBRARY = "libc++";
				CLANG_ENABLE_MODULES = YES;
				CLANG_ENABLE_OBJC_ARC = YES;
				CLANG_WARN_BOOL_CONVERSION = YES;
				CLANG_WARN_CONSTANT_CONVERSION = YES;
				CLANG_WARN_DIRECT_OBJC_ISA_USAGE = YES_ERROR;
				CLANG_WARN_DOCUMENTATION_COMMENTS = YES;
				CLANG_WARN_EMPTY_BODY = YES;
				CLANG_WARN_ENUM_CONVERSION = YES;
				CLANG_WARN_INFINITE_RECURSION = YES;
				CLANG_WARN_INT_CONVERSION = YES;
				CLANG_WARN_OBJC_ROOT_CLASS = YES_ERROR;
				CLANG_WARN_SUSPICIOUS_MOVES = YES;
				CLANG_WARN_UNREACHABLE_CODE = YES;
				CLANG_WARN__DUPLICATE_METHOD_MATCH = YES;
				"CODE_SIGN_IDENTITY[sdk=iphoneos*]" = "iPhone Developer";
				COPY_PHASE_STRIP = NO;
				DEBUG_INFORMATION_FORMAT = dwarf;
				ENABLE_STRICT_OBJC_MSGSEND = YES;
				ENABLE_TESTABILITY = YES;
				GCC_C_LANGUAGE_STANDARD = gnu99;
				GCC_DYNAMIC_NO_PIC = NO;
				GCC_NO_COMMON_BLOCKS = YES;
				GCC_OPTIMIZATION_LEVEL = 0;
				GCC_PREPROCESSOR_DEFINITIONS = (
					"DEBUG=1",
					"$(inherited)",
				);
				GCC_WARN_64_TO_32_BIT_CONVERSION = YES;
				GCC_WARN_ABOUT_RETURN_TYPE = YES_ERROR;
				GCC_WARN_UNDECLARED_SELECTOR = YES;
				GCC_WARN_UNINITIALIZED_AUTOS = YES_AGGRESSIVE;
				GCC_WARN_UNUSED_FUNCTION = YES;
				GCC_WARN_UNUSED_VARIABLE = YES;
				IPHONEOS_DEPLOYMENT_TARGET = 10.0;
				MTL_ENABLE_DEBUG_INFO = YES;
				ONLY_ACTIVE_ARCH = YES;
				SDKROOT = iphoneos;
				SWIFT_ACTIVE_COMPILATION_CONDITIONS = DEBUG;
				SWIFT_OPTIMIZATION_LEVEL = "-Onone";
			};
			name = Debug;
		};
		4311AC9C1E429DF0002187B6 /* Release */ = {
			isa = XCBuildConfiguration;
			buildSettings = {
				ALWAYS_SEARCH_USER_PATHS = NO;
				CLANG_ANALYZER_NONNULL = YES;
				CLANG_CXX_LANGUAGE_STANDARD = "gnu++0x";
				CLANG_CXX_LIBRARY = "libc++";
				CLANG_ENABLE_MODULES = YES;
				CLANG_ENABLE_OBJC_ARC = YES;
				CLANG_WARN_BOOL_CONVERSION = YES;
				CLANG_WARN_CONSTANT_CONVERSION = YES;
				CLANG_WARN_DIRECT_OBJC_ISA_USAGE = YES_ERROR;
				CLANG_WARN_DOCUMENTATION_COMMENTS = YES;
				CLANG_WARN_EMPTY_BODY = YES;
				CLANG_WARN_ENUM_CONVERSION = YES;
				CLANG_WARN_INFINITE_RECURSION = YES;
				CLANG_WARN_INT_CONVERSION = YES;
				CLANG_WARN_OBJC_ROOT_CLASS = YES_ERROR;
				CLANG_WARN_SUSPICIOUS_MOVES = YES;
				CLANG_WARN_UNREACHABLE_CODE = YES;
				CLANG_WARN__DUPLICATE_METHOD_MATCH = YES;
				"CODE_SIGN_IDENTITY[sdk=iphoneos*]" = "iPhone Developer";
				COPY_PHASE_STRIP = NO;
				DEBUG_INFORMATION_FORMAT = "dwarf-with-dsym";
				ENABLE_NS_ASSERTIONS = NO;
				ENABLE_STRICT_OBJC_MSGSEND = YES;
				GCC_C_LANGUAGE_STANDARD = gnu99;
				GCC_NO_COMMON_BLOCKS = YES;
				GCC_WARN_64_TO_32_BIT_CONVERSION = YES;
				GCC_WARN_ABOUT_RETURN_TYPE = YES_ERROR;
				GCC_WARN_UNDECLARED_SELECTOR = YES;
				GCC_WARN_UNINITIALIZED_AUTOS = YES_AGGRESSIVE;
				GCC_WARN_UNUSED_FUNCTION = YES;
				GCC_WARN_UNUSED_VARIABLE = YES;
				IPHONEOS_DEPLOYMENT_TARGET = 10.0;
				MTL_ENABLE_DEBUG_INFO = NO;
				SDKROOT = iphoneos;
				SWIFT_OPTIMIZATION_LEVEL = "-Owholemodule";
				VALIDATE_PRODUCT = YES;
			};
			name = Release;
		};
		4311AC9E1E429DF0002187B6 /* Debug */ = {
			isa = XCBuildConfiguration;
			buildSettings = {
				ASSETCATALOG_COMPILER_APPICON_NAME = AppIcon;
				DEVELOPMENT_TEAM = 3XU35YZPYQ;
				INFOPLIST_FILE = Aula_012_MessageUIMail/Info.plist;
				LD_RUNPATH_SEARCH_PATHS = "$(inherited) @executable_path/Frameworks";
				PRODUCT_BUNDLE_IDENTIFIER = "br.quaddro.com.Aula-012-MessageUIMail";
				PRODUCT_NAME = "$(TARGET_NAME)";
				SWIFT_VERSION = 3.0;
			};
			name = Debug;
		};
		4311AC9F1E429DF0002187B6 /* Release */ = {
			isa = XCBuildConfiguration;
			buildSettings = {
				ASSETCATALOG_COMPILER_APPICON_NAME = AppIcon;
				DEVELOPMENT_TEAM = 3XU35YZPYQ;
				INFOPLIST_FILE = Aula_012_MessageUIMail/Info.plist;
				LD_RUNPATH_SEARCH_PATHS = "$(inherited) @executable_path/Frameworks";
				PRODUCT_BUNDLE_IDENTIFIER = "br.quaddro.com.Aula-012-MessageUIMail";
				PRODUCT_NAME = "$(TARGET_NAME)";
				SWIFT_VERSION = 3.0;
			};
			name = Release;
		};
/* End XCBuildConfiguration section */

/* Begin XCConfigurationList section */
		4311AC861E429DEF002187B6 /* Build configuration list for PBXProject "Aula_012_MessageUIMail" */ = {
			isa = XCConfigurationList;
			buildConfigurations = (
				4311AC9B1E429DF0002187B6 /* Debug */,
				4311AC9C1E429DF0002187B6 /* Release */,
			);
			defaultConfigurationIsVisible = 0;
			defaultConfigurationName = Release;
		};
		4311AC9D1E429DF0002187B6 /* Build configuration list for PBXNativeTarget "Aula_012_MessageUIMail" */ = {
			isa = XCConfigurationList;
			buildConfigurations = (
				4311AC9E1E429DF0002187B6 /* Debug */,
				4311AC9F1E429DF0002187B6 /* Release */,
			);
			defaultConfigurationIsVisible = 0;
		};
/* End XCConfigurationList section */
	};
	rootObject = 4311AC831E429DEF002187B6 /* Project object */;
}
